
Microsoft Visual Studio Solution File, Format Version 12.00
# Visual Studio Version 18
VisualStudioVersion = 18.3.11505.172
MinimumVisualStudioVersion = 10.0.40219.1
Project("{FAE04EC0-301F-11D3-BF4B-00C04F79EFBC}") = "NeonWinModernBase", "NeonWinModernBase\NeonWinModernBase.csproj", "{27CD073E-5D01-498F-9A50-F08F7C18A82E}"
EndProject
Project("{2150E333-8FDC-42A3-9474-1A3956D46DE8}") = "Generation", "Generation", "{02EA681E-C7D8-13C7-8484-4AC65E1B71E8}"
EndProject
Project("{FAE04EC0-301F-11D3-BF4B-00C04F79EFBC}") = "CsWin32Generation", "Generation\CsWin32Generation\CsWin32Generation.csproj", "{405ED843-D946-49B4-9E0B-2A233D85992E}"
EndProject
Project("{2150E333-8FDC-42A3-9474-1A3956D46DE8}") = "Test", "Test", "{D2E12C04-7456-4ACD-916B-85F297CE19FD}"
EndProject
Project("{FAE04EC0-301F-11D3-BF4B-00C04F79EFBC}") = "NeonWinModernCoreI", "NeonWinModernCoreI\NeonWinModernCoreI.csproj", "{41CB8C21-CE18-413B-B7A6-728B73493B04}"
EndProject
Project("{FAE04EC0-301F-11D3-BF4B-00C04F79EFBC}") = "NeonWinModernCore", "NeonWinModernCore\NeonWinModernCore.csproj", "{A93C0CFA-C2E7-4264-9F95-03FCA0620DAC}"
EndProject
Project("{FAE04EC0-301F-11D3-BF4B-00C04F79EFBC}") = "NeonWinModernCoreFx", "NeonWinModernCoreFx\NeonWinModernCoreFx.csproj", "{AD58B1CE-7FB3-4676-BDEC-88CE1946FAF3}"
EndProject
Project("{FAE04EC0-301F-11D3-BF4B-00C04F79EFBC}") = "NeonWinComModel", "NeonWinComModel\NeonWinComModel.csproj", "{A2282B36-4AD5-22B3-D604-14F0BE927400}"
EndProject
Project("{FAE04EC0-301F-11D3-BF4B-00C04F79EFBC}") = "WinRTPolyfillsFx", "WinRTPolyfillsFx\WinRTPolyfillsFx.csproj", "{F3A29835-BD66-42CD-93BF-7DF2A5A3D821}"
EndProject
Project("{FAE04EC0-301F-11D3-BF4B-00C04F79EFBC}") = "WinFormsGeneration", "Generation\WinFormsGeneration\WinFormsGeneration.csproj", "{D412B2C1-29C7-4948-ACCF-11B8CF738EF1}"
EndProject
Project("{FAE04EC0-301F-11D3-BF4B-00C04F79EFBC}") = "NeonWinModernApp", "NeonWinModernApp\NeonWinModernApp.csproj", "{5DA0ADA5-3787-4B1E-8BE0-B4D9CE584684}"
EndProject
Project("{FAE04EC0-301F-11D3-BF4B-00C04F79EFBC}") = "NeonWinModernAppFx", "NeonWinModernAppFx\NeonWinModernAppFx.csproj", "{33E1F431-6FE3-4C57-913B-156E2423F0F1}"
EndProject
Project("{FAE04EC0-301F-11D3-BF4B-00C04F79EFBC}") = "NeonWin32UIHelpers", "NeonWin32UIHelpers\NeonWin32UIHelpers.csproj", "{964D4FB1-8D63-4ED7-85DA-3BDA90733F93}"
EndProject
Project("{2150E333-8FDC-42A3-9474-1A3956D46DE8}") = "ApiTest", "ApiTest", "{7AB288A8-1820-44BB-9875-B84218F55F49}"
EndProject
Project("{2150E333-8FDC-42A3-9474-1A3956D46DE8}") = "FrameworkTest", "FrameworkTest", "{9C213E14-D7BF-4F63-BE52-C468BECE858E}"
EndProject
Project("{2150E333-8FDC-42A3-9474-1A3956D46DE8}") = "LabTest", "LabTest", "{C71A9C2A-5039-48E0-846D-62F3F1C8E673}"
EndProject
Project("{FAE04EC0-301F-11D3-BF4B-00C04F79EFBC}") = "NWBAppCompactHackCheck", "Test\ApiTest\NWBAppCompactHackCheck\NWBAppCompactHackCheck.csproj", "{6F26E026-9C4F-664B-E23A-B5B8822CD77C}"
EndProject
Project("{FAE04EC0-301F-11D3-BF4B-00C04F79EFBC}") = "NWBDpiApiTest", "Test\ApiTest\NWBDpiApiTest\NWBDpiApiTest.csproj", "{ED1FB1D7-A92A-B1AD-AB18-D3AEB789B9E0}"
EndProject
Project("{FAE04EC0-301F-11D3-BF4B-00C04F79EFBC}") = "NWBDpiApiTestUwp", "Test\ApiTest\NWBDpiApiTestUwp\NWBDpiApiTestUwp.csproj", "{698CF349-B5DD-405C-B28A-5D16C87A0D82}"
EndProject
Project("{FAE04EC0-301F-11D3-BF4B-00C04F79EFBC}") = "NWBCoreWndApiTest", "Test\FrameworkTest\NWBCoreWndApiTest\NWBCoreWndApiTest.csproj", "{17F91E3F-090F-7B38-6635-1ADEAA36CAF2}"
EndProject
Project("{FAE04EC0-301F-11D3-BF4B-00C04F79EFBC}") = "NWBDispatcherQueueApiTest", "Test\FrameworkTest\NWBDispatcherQueueApiTest\NWBDispatcherQueueApiTest.csproj", "{FBA045CE-1777-7FF7-4E2A-84D92972675F}"
EndProject
Project("{FAE04EC0-301F-11D3-BF4B-00C04F79EFBC}") = "NWBNtUserDpiContextApiTest", "Test\FrameworkTest\NWBNtUserDpiContextApiTest\NWBNtUserDpiContextApiTest.csproj", "{080FF4D8-0463-DC36-B308-3428E8CBB4E3}"
EndProject
Project("{FAE04EC0-301F-11D3-BF4B-00C04F79EFBC}") = "NWBUwpWinFormsTest", "Test\FrameworkTest\NWBUwpWinFormsTest\NWBUwpWinFormsTest.csproj", "{4844C85C-C68C-33A1-E5B6-6F8FC5AEFAD0}"
EndProject
Project("{FAE04EC0-301F-11D3-BF4B-00C04F79EFBC}") = "NWBUxThemeApiTest", "Test\FrameworkTest\NWBUxThemeApiTest\NWBUxThemeApiTest.csproj", "{0F9F2440-37F6-13E2-6104-109C751F7947}"
EndProject
Project("{FAE04EC0-301F-11D3-BF4B-00C04F79EFBC}") = "NWBDeskXamlWndTest", "Test\LabTest\NWBDeskXamlWndTest\NWBDeskXamlWndTest.csproj", "{C8A1A44F-C120-7B34-B802-68DAA26E6634}"
EndProject
Global
	GlobalSection(SolutionConfigurationPlatforms) = preSolution
		Debug|Any CPU = Debug|Any CPU
		Debug|x86 = Debug|x86
		Release|Any CPU = Release|Any CPU
		Release|x86 = Release|x86
	EndGlobalSection
	GlobalSection(ProjectConfigurationPlatforms) = postSolution
		{27CD073E-5D01-498F-9A50-F08F7C18A82E}.Debug|Any CPU.ActiveCfg = Debug|Any CPU
		{27CD073E-5D01-498F-9A50-F08F7C18A82E}.Debug|Any CPU.Build.0 = Debug|Any CPU
		{27CD073E-5D01-498F-9A50-F08F7C18A82E}.Debug|x86.ActiveCfg = Debug|Any CPU
		{27CD073E-5D01-498F-9A50-F08F7C18A82E}.Debug|x86.Build.0 = Debug|Any CPU
		{27CD073E-5D01-498F-9A50-F08F7C18A82E}.Release|Any CPU.ActiveCfg = Release|Any CPU
		{27CD073E-5D01-498F-9A50-F08F7C18A82E}.Release|Any CPU.Build.0 = Release|Any CPU
		{27CD073E-5D01-498F-9A50-F08F7C18A82E}.Release|x86.ActiveCfg = Release|x86
		{27CD073E-5D01-498F-9A50-F08F7C18A82E}.Release|x86.Build.0 = Release|x86
		{405ED843-D946-49B4-9E0B-2A233D85992E}.Debug|Any CPU.ActiveCfg = Debug|Any CPU
		{405ED843-D946-49B4-9E0B-2A233D85992E}.Debug|Any CPU.Build.0 = Debug|Any CPU
		{405ED843-D946-49B4-9E0B-2A233D85992E}.Debug|x86.ActiveCfg = Debug|Any CPU
		{405ED843-D946-49B4-9E0B-2A233D85992E}.Debug|x86.Build.0 = Debug|Any CPU
		{405ED843-D946-49B4-9E0B-2A233D85992E}.Release|Any CPU.ActiveCfg = Release|Any CPU
		{405ED843-D946-49B4-9E0B-2A233D85992E}.Release|Any CPU.Build.0 = Release|Any CPU
		{405ED843-D946-49B4-9E0B-2A233D85992E}.Release|x86.ActiveCfg = Release|x86
		{405ED843-D946-49B4-9E0B-2A233D85992E}.Release|x86.Build.0 = Release|x86
		{41CB8C21-CE18-413B-B7A6-728B73493B04}.Debug|Any CPU.ActiveCfg = Debug|Any CPU
		{41CB8C21-CE18-413B-B7A6-728B73493B04}.Debug|Any CPU.Build.0 = Debug|Any CPU
		{41CB8C21-CE18-413B-B7A6-728B73493B04}.Debug|x86.ActiveCfg = Debug|Any CPU
		{41CB8C21-CE18-413B-B7A6-728B73493B04}.Debug|x86.Build.0 = Debug|Any CPU
		{41CB8C21-CE18-413B-B7A6-728B73493B04}.Release|Any CPU.ActiveCfg = Release|Any CPU
		{41CB8C21-CE18-413B-B7A6-728B73493B04}.Release|Any CPU.Build.0 = Release|Any CPU
		{41CB8C21-CE18-413B-B7A6-728B73493B04}.Release|x86.ActiveCfg = Release|Any CPU
		{41CB8C21-CE18-413B-B7A6-728B73493B04}.Release|x86.Build.0 = Release|Any CPU
		{A93C0CFA-C2E7-4264-9F95-03FCA0620DAC}.Debug|Any CPU.ActiveCfg = Debug|Any CPU
		{A93C0CFA-C2E7-4264-9F95-03FCA0620DAC}.Debug|Any CPU.Build.0 = Debug|Any CPU
		{A93C0CFA-C2E7-4264-9F95-03FCA0620DAC}.Debug|x86.ActiveCfg = Debug|Any CPU
		{A93C0CFA-C2E7-4264-9F95-03FCA0620DAC}.Debug|x86.Build.0 = Debug|Any CPU
		{A93C0CFA-C2E7-4264-9F95-03FCA0620DAC}.Release|Any CPU.ActiveCfg = Release|Any CPU
		{A93C0CFA-C2E7-4264-9F95-03FCA0620DAC}.Release|Any CPU.Build.0 = Release|Any CPU
		{A93C0CFA-C2E7-4264-9F95-03FCA0620DAC}.Release|x86.ActiveCfg = Release|Any CPU
		{A93C0CFA-C2E7-4264-9F95-03FCA0620DAC}.Release|x86.Build.0 = Release|Any CPU
		{AD58B1CE-7FB3-4676-BDEC-88CE1946FAF3}.Debug|Any CPU.ActiveCfg = Debug|Any CPU
		{AD58B1CE-7FB3-4676-BDEC-88CE1946FAF3}.Debug|Any CPU.Build.0 = Debug|Any CPU
		{AD58B1CE-7FB3-4676-BDEC-88CE1946FAF3}.Debug|x86.ActiveCfg = Debug|Any CPU
		{AD58B1CE-7FB3-4676-BDEC-88CE1946FAF3}.Debug|x86.Build.0 = Debug|Any CPU
		{AD58B1CE-7FB3-4676-BDEC-88CE1946FAF3}.Release|Any CPU.ActiveCfg = Release|Any CPU
		{AD58B1CE-7FB3-4676-BDEC-88CE1946FAF3}.Release|Any CPU.Build.0 = Release|Any CPU
		{AD58B1CE-7FB3-4676-BDEC-88CE1946FAF3}.Release|x86.ActiveCfg = Release|Any CPU
		{AD58B1CE-7FB3-4676-BDEC-88CE1946FAF3}.Release|x86.Build.0 = Release|Any CPU
		{A2282B36-4AD5-22B3-D604-14F0BE927400}.Debug|Any CPU.ActiveCfg = Debug|Any CPU
		{A2282B36-4AD5-22B3-D604-14F0BE927400}.Debug|Any CPU.Build.0 = Debug|Any CPU
		{A2282B36-4AD5-22B3-D604-14F0BE927400}.Debug|x86.ActiveCfg = Debug|Any CPU
		{A2282B36-4AD5-22B3-D604-14F0BE927400}.Debug|x86.Build.0 = Debug|Any CPU
		{A2282B36-4AD5-22B3-D604-14F0BE927400}.Release|Any CPU.ActiveCfg = Release|Any CPU
		{A2282B36-4AD5-22B3-D604-14F0BE927400}.Release|Any CPU.Build.0 = Release|Any CPU
		{A2282B36-4AD5-22B3-D604-14F0BE927400}.Release|x86.ActiveCfg = Release|Any CPU
		{A2282B36-4AD5-22B3-D604-14F0BE927400}.Release|x86.Build.0 = Release|Any CPU
		{F3A29835-BD66-42CD-93BF-7DF2A5A3D821}.Debug|Any CPU.ActiveCfg = Debug|Any CPU
		{F3A29835-BD66-42CD-93BF-7DF2A5A3D821}.Debug|Any CPU.Build.0 = Debug|Any CPU
		{F3A29835-BD66-42CD-93BF-7DF2A5A3D821}.Debug|x86.ActiveCfg = Debug|Any CPU
		{F3A29835-BD66-42CD-93BF-7DF2A5A3D821}.Debug|x86.Build.0 = Debug|Any CPU
		{F3A29835-BD66-42CD-93BF-7DF2A5A3D821}.Release|Any CPU.ActiveCfg = Release|Any CPU
		{F3A29835-BD66-42CD-93BF-7DF2A5A3D821}.Release|Any CPU.Build.0 = Release|Any CPU
		{F3A29835-BD66-42CD-93BF-7DF2A5A3D821}.Release|x86.ActiveCfg = Release|Any CPU
		{F3A29835-BD66-42CD-93BF-7DF2A5A3D821}.Release|x86.Build.0 = Release|Any CPU
		{D412B2C1-29C7-4948-ACCF-11B8CF738EF1}.Debug|Any CPU.ActiveCfg = Debug|Any CPU
		{D412B2C1-29C7-4948-ACCF-11B8CF738EF1}.Debug|Any CPU.Build.0 = Debug|Any CPU
		{D412B2C1-29C7-4948-ACCF-11B8CF738EF1}.Debug|x86.ActiveCfg = Debug|Any CPU
		{D412B2C1-29C7-4948-ACCF-11B8CF738EF1}.Debug|x86.Build.0 = Debug|Any CPU
		{D412B2C1-29C7-4948-ACCF-11B8CF738EF1}.Release|Any CPU.ActiveCfg = Release|Any CPU
		{D412B2C1-29C7-4948-ACCF-11B8CF738EF1}.Release|Any CPU.Build.0 = Release|Any CPU
		{D412B2C1-29C7-4948-ACCF-11B8CF738EF1}.Release|x86.ActiveCfg = Release|Any CPU
		{D412B2C1-29C7-4948-ACCF-11B8CF738EF1}.Release|x86.Build.0 = Release|Any CPU
		{5DA0ADA5-3787-4B1E-8BE0-B4D9CE584684}.Debug|Any CPU.ActiveCfg = Debug|Any CPU
		{5DA0ADA5-3787-4B1E-8BE0-B4D9CE584684}.Debug|Any CPU.Build.0 = Debug|Any CPU
		{5DA0ADA5-3787-4B1E-8BE0-B4D9CE584684}.Debug|x86.ActiveCfg = Debug|Any CPU
		{5DA0ADA5-3787-4B1E-8BE0-B4D9CE584684}.Debug|x86.Build.0 = Debug|Any CPU
		{5DA0ADA5-3787-4B1E-8BE0-B4D9CE584684}.Release|Any CPU.ActiveCfg = Release|Any CPU
		{5DA0ADA5-3787-4B1E-8BE0-B4D9CE584684}.Release|Any CPU.Build.0 = Release|Any CPU
		{5DA0ADA5-3787-4B1E-8BE0-B4D9CE584684}.Release|x86.ActiveCfg = Release|Any CPU
		{5DA0ADA5-3787-4B1E-8BE0-B4D9CE584684}.Release|x86.Build.0 = Release|Any CPU
		{33E1F431-6FE3-4C57-913B-156E2423F0F1}.Debug|Any CPU.ActiveCfg = Debug|Any CPU
		{33E1F431-6FE3-4C57-913B-156E2423F0F1}.Debug|Any CPU.Build.0 = Debug|Any CPU
		{33E1F431-6FE3-4C57-913B-156E2423F0F1}.Debug|x86.ActiveCfg = Debug|Any CPU
		{33E1F431-6FE3-4C57-913B-156E2423F0F1}.Debug|x86.Build.0 = Debug|Any CPU
		{33E1F431-6FE3-4C57-913B-156E2423F0F1}.Release|Any CPU.ActiveCfg = Release|Any CPU
		{33E1F431-6FE3-4C57-913B-156E2423F0F1}.Release|Any CPU.Build.0 = Release|Any CPU
		{33E1F431-6FE3-4C57-913B-156E2423F0F1}.Release|x86.ActiveCfg = Release|Any CPU
		{33E1F431-6FE3-4C57-913B-156E2423F0F1}.Release|x86.Build.0 = Release|Any CPU
		{964D4FB1-8D63-4ED7-85DA-3BDA90733F93}.Debug|Any CPU.ActiveCfg = Debug|Any CPU
		{964D4FB1-8D63-4ED7-85DA-3BDA90733F93}.Debug|Any CPU.Build.0 = Debug|Any CPU
		{964D4FB1-8D63-4ED7-85DA-3BDA90733F93}.Debug|x86.ActiveCfg = Debug|Any CPU
		{964D4FB1-8D63-4ED7-85DA-3BDA90733F93}.Debug|x86.Build.0 = Debug|Any CPU
		{964D4FB1-8D63-4ED7-85DA-3BDA90733F93}.Release|Any CPU.ActiveCfg = Release|Any CPU
		{964D4FB1-8D63-4ED7-85DA-3BDA90733F93}.Release|Any CPU.Build.0 = Release|Any CPU
		{964D4FB1-8D63-4ED7-85DA-3BDA90733F93}.Release|x86.ActiveCfg = Release|Any CPU
		{964D4FB1-8D63-4ED7-85DA-3BDA90733F93}.Release|x86.Build.0 = Release|Any CPU
		{6F26E026-9C4F-664B-E23A-B5B8822CD77C}.Debug|Any CPU.ActiveCfg = Debug|Any CPU
		{6F26E026-9C4F-664B-E23A-B5B8822CD77C}.Debug|Any CPU.Build.0 = Debug|Any CPU
		{6F26E026-9C4F-664B-E23A-B5B8822CD77C}.Debug|x86.ActiveCfg = Debug|Any CPU
		{6F26E026-9C4F-664B-E23A-B5B8822CD77C}.Debug|x86.Build.0 = Debug|Any CPU
		{6F26E026-9C4F-664B-E23A-B5B8822CD77C}.Release|Any CPU.ActiveCfg = Release|Any CPU
		{6F26E026-9C4F-664B-E23A-B5B8822CD77C}.Release|Any CPU.Build.0 = Release|Any CPU
		{6F26E026-9C4F-664B-E23A-B5B8822CD77C}.Release|x86.ActiveCfg = Release|Any CPU
		{6F26E026-9C4F-664B-E23A-B5B8822CD77C}.Release|x86.Build.0 = Release|Any CPU
		{ED1FB1D7-A92A-B1AD-AB18-D3AEB789B9E0}.Debug|Any CPU.ActiveCfg = Debug|Any CPU
		{ED1FB1D7-A92A-B1AD-AB18-D3AEB789B9E0}.Debug|Any CPU.Build.0 = Debug|Any CPU
		{ED1FB1D7-A92A-B1AD-AB18-D3AEB789B9E0}.Debug|x86.ActiveCfg = Debug|x86
		{ED1FB1D7-A92A-B1AD-AB18-D3AEB789B9E0}.Debug|x86.Build.0 = Debug|x86
		{ED1FB1D7-A92A-B1AD-AB18-D3AEB789B9E0}.Release|Any CPU.ActiveCfg = Release|Any CPU
		{ED1FB1D7-A92A-B1AD-AB18-D3AEB789B9E0}.Release|Any CPU.Build.0 = Release|Any CPU
		{ED1FB1D7-A92A-B1AD-AB18-D3AEB789B9E0}.Release|x86.ActiveCfg = Release|x86
		{ED1FB1D7-A92A-B1AD-AB18-D3AEB789B9E0}.Release|x86.Build.0 = Release|x86
		{698CF349-B5DD-405C-B28A-5D16C87A0D82}.Debug|Any CPU.ActiveCfg = Debug|x64
		{698CF349-B5DD-405C-B28A-5D16C87A0D82}.Debug|Any CPU.Build.0 = Debug|x64
		{698CF349-B5DD-405C-B28A-5D16C87A0D82}.Debug|Any CPU.Deploy.0 = Debug|x64
		{698CF349-B5DD-405C-B28A-5D16C87A0D82}.Debug|x86.ActiveCfg = Debug|x86
		{698CF349-B5DD-405C-B28A-5D16C87A0D82}.Debug|x86.Build.0 = Debug|x86
		{698CF349-B5DD-405C-B28A-5D16C87A0D82}.Debug|x86.Deploy.0 = Debug|x86
		{698CF349-B5DD-405C-B28A-5D16C87A0D82}.Release|Any CPU.ActiveCfg = Release|x64
		{698CF349-B5DD-405C-B28A-5D16C87A0D82}.Release|Any CPU.Build.0 = Release|x64
		{698CF349-B5DD-405C-B28A-5D16C87A0D82}.Release|Any CPU.Deploy.0 = Release|x64
		{698CF349-B5DD-405C-B28A-5D16C87A0D82}.Release|x86.ActiveCfg = Release|x86
		{698CF349-B5DD-405C-B28A-5D16C87A0D82}.Release|x86.Build.0 = Release|x86
		{698CF349-B5DD-405C-B28A-5D16C87A0D82}.Release|x86.Deploy.0 = Release|x86
		{17F91E3F-090F-7B38-6635-1ADEAA36CAF2}.Debug|Any CPU.ActiveCfg = Debug|Any CPU
		{17F91E3F-090F-7B38-6635-1ADEAA36CAF2}.Debug|Any CPU.Build.0 = Debug|Any CPU
		{17F91E3F-090F-7B38-6635-1ADEAA36CAF2}.Debug|x86.ActiveCfg = Debug|Any CPU
		{17F91E3F-090F-7B38-6635-1ADEAA36CAF2}.Debug|x86.Build.0 = Debug|Any CPU
		{17F91E3F-090F-7B38-6635-1ADEAA36CAF2}.Release|Any CPU.ActiveCfg = Release|Any CPU
		{17F91E3F-090F-7B38-6635-1ADEAA36CAF2}.Release|Any CPU.Build.0 = Release|Any CPU
		{17F91E3F-090F-7B38-6635-1ADEAA36CAF2}.Release|x86.ActiveCfg = Release|Any CPU
		{17F91E3F-090F-7B38-6635-1ADEAA36CAF2}.Release|x86.Build.0 = Release|Any CPU
		{FBA045CE-1777-7FF7-4E2A-84D92972675F}.Debug|Any CPU.ActiveCfg = Debug|Any CPU
		{FBA045CE-1777-7FF7-4E2A-84D92972675F}.Debug|Any CPU.Build.0 = Debug|Any CPU
		{FBA045CE-1777-7FF7-4E2A-84D92972675F}.Debug|x86.ActiveCfg = Debug|Any CPU
		{FBA045CE-1777-7FF7-4E2A-84D92972675F}.Debug|x86.Build.0 = Debug|Any CPU
		{FBA045CE-1777-7FF7-4E2A-84D92972675F}.Release|Any CPU.ActiveCfg = Release|Any CPU
		{FBA045CE-1777-7FF7-4E2A-84D92972675F}.Release|Any CPU.Build.0 = Release|Any CPU
		{FBA045CE-1777-7FF7-4E2A-84D92972675F}.Release|x86.ActiveCfg = Release|Any CPU
		{FBA045CE-1777-7FF7-4E2A-84D92972675F}.Release|x86.Build.0 = Release|Any CPU
		{080FF4D8-0463-DC36-B308-3428E8CBB4E3}.Debug|Any CPU.ActiveCfg = Debug|Any CPU
		{080FF4D8-0463-DC36-B308-3428E8CBB4E3}.Debug|Any CPU.Build.0 = Debug|Any CPU
		{080FF4D8-0463-DC36-B308-3428E8CBB4E3}.Debug|x86.ActiveCfg = Debug|Any CPU
		{080FF4D8-0463-DC36-B308-3428E8CBB4E3}.Debug|x86.Build.0 = Debug|Any CPU
		{080FF4D8-0463-DC36-B308-3428E8CBB4E3}.Release|Any CPU.ActiveCfg = Release|Any CPU
		{080FF4D8-0463-DC36-B308-3428E8CBB4E3}.Release|Any CPU.Build.0 = Release|Any CPU
		{080FF4D8-0463-DC36-B308-3428E8CBB4E3}.Release|x86.ActiveCfg = Release|Any CPU
		{080FF4D8-0463-DC36-B308-3428E8CBB4E3}.Release|x86.Build.0 = Release|Any CPU
		{4844C85C-C68C-33A1-E5B6-6F8FC5AEFAD0}.Debug|Any CPU.ActiveCfg = Debug|Any CPU
		{4844C85C-C68C-33A1-E5B6-6F8FC5AEFAD0}.Debug|Any CPU.Build.0 = Debug|Any CPU
		{4844C85C-C68C-33A1-E5B6-6F8FC5AEFAD0}.Debug|x86.ActiveCfg = Debug|Any CPU
		{4844C85C-C68C-33A1-E5B6-6F8FC5AEFAD0}.Debug|x86.Build.0 = Debug|Any CPU
		{4844C85C-C68C-33A1-E5B6-6F8FC5AEFAD0}.Release|Any CPU.ActiveCfg = Release|Any CPU
		{4844C85C-C68C-33A1-E5B6-6F8FC5AEFAD0}.Release|Any CPU.Build.0 = Release|Any CPU
		{4844C85C-C68C-33A1-E5B6-6F8FC5AEFAD0}.Release|x86.ActiveCfg = Release|Any CPU
		{4844C85C-C68C-33A1-E5B6-6F8FC5AEFAD0}.Release|x86.Build.0 = Release|Any CPU
		{0F9F2440-37F6-13E2-6104-109C751F7947}.Debug|Any CPU.ActiveCfg = Debug|x64
		{0F9F2440-37F6-13E2-6104-109C751F7947}.Debug|Any CPU.Build.0 = Debug|x64
		{0F9F2440-37F6-13E2-6104-109C751F7947}.Debug|x86.ActiveCfg = Debug|x86
		{0F9F2440-37F6-13E2-6104-109C751F7947}.Debug|x86.Build.0 = Debug|x86
		{0F9F2440-37F6-13E2-6104-109C751F7947}.Release|Any CPU.ActiveCfg = Release|x64
		{0F9F2440-37F6-13E2-6104-109C751F7947}.Release|Any CPU.Build.0 = Release|x64
		{0F9F2440-37F6-13E2-6104-109C751F7947}.Release|x86.ActiveCfg = Release|x86
		{0F9F2440-37F6-13E2-6104-109C751F7947}.Release|x86.Build.0 = Release|x86
		{C8A1A44F-C120-7B34-B802-68DAA26E6634}.Debug|Any CPU.ActiveCfg = Debug|x64
		{C8A1A44F-C120-7B34-B802-68DAA26E6634}.Debug|Any CPU.Build.0 = Debug|x64
		{C8A1A44F-C120-7B34-B802-68DAA26E6634}.Debug|x86.ActiveCfg = Debug|x86
		{C8A1A44F-C120-7B34-B802-68DAA26E6634}.Debug|x86.Build.0 = Debug|x86
		{C8A1A44F-C120-7B34-B802-68DAA26E6634}.Release|Any CPU.ActiveCfg = Release|x64
		{C8A1A44F-C120-7B34-B802-68DAA26E6634}.Release|Any CPU.Build.0 = Release|x64
		{C8A1A44F-C120-7B34-B802-68DAA26E6634}.Release|x86.ActiveCfg = Release|x86
		{C8A1A44F-C120-7B34-B802-68DAA26E6634}.Release|x86.Build.0 = Release|x86
	EndGlobalSection
	GlobalSection(SolutionProperties) = preSolution
		HideSolutionNode = FALSE
	EndGlobalSection
	GlobalSection(NestedProjects) = preSolution
		{405ED843-D946-49B4-9E0B-2A233D85992E} = {02EA681E-C7D8-13C7-8484-4AC65E1B71E8}
		{D412B2C1-29C7-4948-ACCF-11B8CF738EF1} = {02EA681E-C7D8-13C7-8484-4AC65E1B71E8}
		{7AB288A8-1820-44BB-9875-B84218F55F49} = {D2E12C04-7456-4ACD-916B-85F297CE19FD}
		{9C213E14-D7BF-4F63-BE52-C468BECE858E} = {D2E12C04-7456-4ACD-916B-85F297CE19FD}
		{C71A9C2A-5039-48E0-846D-62F3F1C8E673} = {D2E12C04-7456-4ACD-916B-85F297CE19FD}
		{6F26E026-9C4F-664B-E23A-B5B8822CD77C} = {7AB288A8-1820-44BB-9875-B84218F55F49}
		{ED1FB1D7-A92A-B1AD-AB18-D3AEB789B9E0} = {7AB288A8-1820-44BB-9875-B84218F55F49}
		{698CF349-B5DD-405C-B28A-5D16C87A0D82} = {7AB288A8-1820-44BB-9875-B84218F55F49}
		{17F91E3F-090F-7B38-6635-1ADEAA36CAF2} = {9C213E14-D7BF-4F63-BE52-C468BECE858E}
		{FBA045CE-1777-7FF7-4E2A-84D92972675F} = {9C213E14-D7BF-4F63-BE52-C468BECE858E}
		{080FF4D8-0463-DC36-B308-3428E8CBB4E3} = {9C213E14-D7BF-4F63-BE52-C468BECE858E}
		{4844C85C-C68C-33A1-E5B6-6F8FC5AEFAD0} = {9C213E14-D7BF-4F63-BE52-C468BECE858E}
		{0F9F2440-37F6-13E2-6104-109C751F7947} = {9C213E14-D7BF-4F63-BE52-C468BECE858E}
		{C8A1A44F-C120-7B34-B802-68DAA26E6634} = {C71A9C2A-5039-48E0-846D-62F3F1C8E673}
	EndGlobalSection
	GlobalSection(ExtensibilityGlobals) = postSolution
		SolutionGuid = {BFB5B867-2E32-4953-9816-6F2CC380C764}
	EndGlobalSection
EndGlobal
